
Microsoft Visual Studio Solution File, Format Version 12.00
# Visual Studio Version 16
VisualStudioVersion = 16.0.31112.23
MinimumVisualStudioVersion = 10.0.40219.1
Project("{9A19103F-16F7-4668-BE54-9A1E7A4F7556}") = "C_Sharp_language_basic", "C_Sharp_language_basic\C_Sharp_language_basic.csproj", "{FCD43344-8176-4133-A8BE-E91B294E2589}"
EndProject
Project("{9A19103F-16F7-4668-BE54-9A1E7A4F7556}") = "Classes_in_C_Sharp", "Classes_in_C_Sharp\Classes_in_C_Sharp.csproj", "{F09F8F09-2153-4E9B-9228-99A9138452B2}"
EndProject
Project("{9A19103F-16F7-4668-BE54-9A1E7A4F7556}") = "Array_String", "Array_String\Array_String.csproj", "{7D10A50A-F589-4B4C-BAD7-9DD67D8CDCDE}"
EndProject
Project("{9A19103F-16F7-4668-BE54-9A1E7A4F7556}") = "Operator_overloading_error_handling", "Operator_overloading_error_handling\Operator_overloading_error_handling.csproj", "{78AA01F0-F982-456F-B98F-18C4B64010E9}"
EndProject
Project("{FAE04EC0-301F-11D3-BF4B-00C04F79EFBC}") = "LINQ_Assignment", "LINQ_Assignment\LINQ_Assignment.csproj", "{C314F55D-D66A-4C51-8601-1742035D3AAD}"
EndProject
Global
	GlobalSection(SolutionConfigurationPlatforms) = preSolution
		Debug|Any CPU = Debug|Any CPU
		Release|Any CPU = Release|Any CPU
	EndGlobalSection
	GlobalSection(ProjectConfigurationPlatforms) = postSolution
		{FCD43344-8176-4133-A8BE-E91B294E2589}.Debug|Any CPU.ActiveCfg = Debug|Any CPU
		{FCD43344-8176-4133-A8BE-E91B294E2589}.Debug|Any CPU.Build.0 = Debug|Any CPU
		{FCD43344-8176-4133-A8BE-E91B294E2589}.Release|Any CPU.ActiveCfg = Release|Any CPU
		{FCD43344-8176-4133-A8BE-E91B294E2589}.Release|Any CPU.Build.0 = Release|Any CPU
		{F09F8F09-2153-4E9B-9228-99A9138452B2}.Debug|Any CPU.ActiveCfg = Debug|Any CPU
		{F09F8F09-2153-4E9B-9228-99A9138452B2}.Debug|Any CPU.Build.0 = Debug|Any CPU
		{F09F8F09-2153-4E9B-9228-99A9138452B2}.Release|Any CPU.ActiveCfg = Release|Any CPU
		{F09F8F09-2153-4E9B-9228-99A9138452B2}.Release|Any CPU.Build.0 = Release|Any CPU
		{7D10A50A-F589-4B4C-BAD7-9DD67D8CDCDE}.Debug|Any CPU.ActiveCfg = Debug|Any CPU
		{7D10A50A-F589-4B4C-BAD7-9DD67D8CDCDE}.Debug|Any CPU.Build.0 = Debug|Any CPU
		{7D10A50A-F589-4B4C-BAD7-9DD67D8CDCDE}.Release|Any CPU.ActiveCfg = Release|Any CPU
		{7D10A50A-F589-4B4C-BAD7-9DD67D8CDCDE}.Release|Any CPU.Build.0 = Release|Any CPU
		{78AA01F0-F982-456F-B98F-18C4B64010E9}.Debug|Any CPU.ActiveCfg = Debug|Any CPU
		{78AA01F0-F982-456F-B98F-18C4B64010E9}.Debug|Any CPU.Build.0 = Debug|Any CPU
		{78AA01F0-F982-456F-B98F-18C4B64010E9}.Release|Any CPU.ActiveCfg = Release|Any CPU
		{78AA01F0-F982-456F-B98F-18C4B64010E9}.Release|Any CPU.Build.0 = Release|Any CPU
		{C314F55D-D66A-4C51-8601-1742035D3AAD}.Debug|Any CPU.ActiveCfg = Debug|Any CPU
		{C314F55D-D66A-4C51-8601-1742035D3AAD}.Debug|Any CPU.Build.0 = Debug|Any CPU
		{C314F55D-D66A-4C51-8601-1742035D3AAD}.Release|Any CPU.ActiveCfg = Release|Any CPU
		{C314F55D-D66A-4C51-8601-1742035D3AAD}.Release|Any CPU.Build.0 = Release|Any CPU
	EndGlobalSection
	GlobalSection(SolutionProperties) = preSolution
		HideSolutionNode = FALSE
	EndGlobalSection
	GlobalSection(ExtensibilityGlobals) = postSolution
		SolutionGuid = {115855FF-9C45-4B68-BF8D-52B7FAEA4F43}
	EndGlobalSection
EndGlobal
